// !$*UTF8*$!
{
	archiveVersion = 1;
	classes = {
	};
	objectVersion = 56;
	objects = {

/* Begin PBXBuildFile section */
		09621A6E2AB9CC8700764CC5 /* Cat_NapApp.swift in Sources */ = {isa = PBXBuildFile; fileRef = 09621A6D2AB9CC8700764CC5 /* Cat_NapApp.swift */; };
		09621A702AB9CC8700764CC5 /* ContentView.swift in Sources */ = {isa = PBXBuildFile; fileRef = 09621A6F2AB9CC8700764CC5 /* ContentView.swift */; };
		09621A722AB9CC8900764CC5 /* Assets.xcassets in Resources */ = {isa = PBXBuildFile; fileRef = 09621A712AB9CC8900764CC5 /* Assets.xcassets */; };
		09621A762AB9CC8900764CC5 /* Preview Assets.xcassets in Resources */ = {isa = PBXBuildFile; fileRef = 09621A752AB9CC8900764CC5 /* Preview Assets.xcassets */; };
		09621A802AB9CC8900764CC5 /* Cat_NapTests.swift in Sources */ = {isa = PBXBuildFile; fileRef = 09621A7F2AB9CC8900764CC5 /* Cat_NapTests.swift */; };
		09621A8A2AB9CC8900764CC5 /* Cat_NapUITests.swift in Sources */ = {isa = PBXBuildFile; fileRef = 09621A892AB9CC8900764CC5 /* Cat_NapUITests.swift */; };
		09621A8C2AB9CC8900764CC5 /* Cat_NapUITestsLaunchTests.swift in Sources */ = {isa = PBXBuildFile; fileRef = 09621A8B2AB9CC8900764CC5 /* Cat_NapUITestsLaunchTests.swift */; };
/* End PBXBuildFile section */

/* Begin PBXContainerItemProxy section */
		09621A7C2AB9CC8900764CC5 /* PBXContainerItemProxy */ = {
			isa = PBXContainerItemProxy;
			containerPortal = 09621A622AB9CC8600764CC5 /* Project object */;
			proxyType = 1;
			remoteGlobalIDString = 09621A692AB9CC8700764CC5;
			remoteInfo = "Cat Nap";
		};
		09621A862AB9CC8900764CC5 /* PBXContainerItemProxy */ = {
			isa = PBXContainerItemProxy;
			containerPortal = 09621A622AB9CC8600764CC5 /* Project object */;
			proxyType = 1;
			remoteGlobalIDString = 09621A692AB9CC8700764CC5;
			remoteInfo = "Cat Nap";
		};
/* End PBXContainerItemProxy section */

/* Begin PBXFileReference section */
		09621A6A2AB9CC8700764CC5 /* Cat Nap.app */ = {isa = PBXFileReference; explicitFileType = wrapper.application; includeInIndex = 0; path = "Cat Nap.app"; sourceTree = BUILT_PRODUCTS_DIR; };
		09621A6D2AB9CC8700764CC5 /* Cat_NapApp.swift */ = {isa = PBXFileReference; lastKnownFileType = sourcecode.swift; path = Cat_NapApp.swift; sourceTree = "<group>"; };
		09621A6F2AB9CC8700764CC5 /* ContentView.swift */ = {isa = PBXFileReference; lastKnownFileType = sourcecode.swift; path = ContentView.swift; sourceTree = "<group>"; };
		09621A712AB9CC8900764CC5 /* Assets.xcassets */ = {isa = PBXFileReference; lastKnownFileType = folder.assetcatalog; path = Assets.xcassets; sourceTree = "<group>"; };
		09621A732AB9CC8900764CC5 /* Cat_Nap.entitlements */ = {isa = PBXFileReference; lastKnownFileType = text.plist.entitlements; path = Cat_Nap.entitlements; sourceTree = "<group>"; };
		09621A752AB9CC8900764CC5 /* Preview Assets.xcassets */ = {isa = PBXFileReference; lastKnownFileType = folder.assetcatalog; path = "Preview Assets.xcassets"; sourceTree = "<group>"; };
		09621A7B2AB9CC8900764CC5 /* Cat NapTests.xctest */ = {isa = PBXFileReference; explicitFileType = wrapper.cfbundle; includeInIndex = 0; path = "Cat NapTests.xctest"; sourceTree = BUILT_PRODUCTS_DIR; };
		09621A7F2AB9CC8900764CC5 /* Cat_NapTests.swift */ = {isa = PBXFileReference; lastKnownFileType = sourcecode.swift; path = Cat_NapTests.swift; sourceTree = "<group>"; };
		09621A852AB9CC8900764CC5 /* Cat NapUITests.xctest */ = {isa = PBXFileReference; explicitFileType = wrapper.cfbundle; includeInIndex = 0; path = "Cat NapUITests.xctest"; sourceTree = BUILT_PRODUCTS_DIR; };
		09621A892AB9CC8900764CC5 /* Cat_NapUITests.swift */ = {isa = PBXFileReference; lastKnownFileType = sourcecode.swift; path = Cat_NapUITests.swift; sourceTree = "<group>"; };
		09621A8B2AB9CC8900764CC5 /* Cat_NapUITestsLaunchTests.swift */ = {isa = PBXFileReference; lastKnownFileType = sourcecode.swift; path = Cat_NapUITestsLaunchTests.swift; sourceTree = "<group>"; };
/* End PBXFileReference section */

/* Begin PBXFrameworksBuildPhase section */
		09621A672AB9CC8700764CC5 /* Frameworks */ = {
			isa = PBXFrameworksBuildPhase;
			buildActionMask = 2147483647;
			files = (
			);
			runOnlyForDeploymentPostprocessing = 0;
		};
		09621A782AB9CC8900764CC5 /* Frameworks */ = {
			isa = PBXFrameworksBuildPhase;
			buildActionMask = 2147483647;
			files = (
			);
			runOnlyForDeploymentPostprocessing = 0;
		};
		09621A822AB9CC8900764CC5 /* Frameworks */ = {
			isa = PBXFrameworksBuildPhase;
			buildActionMask = 2147483647;
			files = (
			);
			runOnlyForDeploymentPostprocessing = 0;
		};
/* End PBXFrameworksBuildPhase section */

/* Begin PBXGroup section */
		09621A612AB9CC8600764CC5 = {
			isa = PBXGroup;
			children = (
				09621A6C2AB9CC8700764CC5 /* Cat Nap */,
				09621A7E2AB9CC8900764CC5 /* Cat NapTests */,
				09621A882AB9CC8900764CC5 /* Cat NapUITests */,
				09621A6B2AB9CC8700764CC5 /* Products */,
			);
			sourceTree = "<group>";
		};
		09621A6B2AB9CC8700764CC5 /* Products */ = {
			isa = PBXGroup;
			children = (
				09621A6A2AB9CC8700764CC5 /* Cat Nap.app */,
				09621A7B2AB9CC8900764CC5 /* Cat NapTests.xctest */,
				09621A852AB9CC8900764CC5 /* Cat NapUITests.xctest */,
			);
			name = Products;
			sourceTree = "<group>";
		};
		09621A6C2AB9CC8700764CC5 /* Cat Nap */ = {
			isa = PBXGroup;
			children = (
				09621A6D2AB9CC8700764CC5 /* Cat_NapApp.swift */,
				09621A6F2AB9CC8700764CC5 /* ContentView.swift */,
				09621A712AB9CC8900764CC5 /* Assets.xcassets */,
				09621A732AB9CC8900764CC5 /* Cat_Nap.entitlements */,
				09621A742AB9CC8900764CC5 /* Preview Content */,
			);
			path = "Cat Nap";
			sourceTree = "<group>";
		};
		09621A742AB9CC8900764CC5 /* Preview Content */ = {
			isa = PBXGroup;
			children = (
				09621A752AB9CC8900764CC5 /* Preview Assets.xcassets */,
			);
			path = "Preview Content";
			sourceTree = "<group>";
		};
		09621A7E2AB9CC8900764CC5 /* Cat NapTests */ = {
			isa = PBXGroup;
			children = (
				09621A7F2AB9CC8900764CC5 /* Cat_NapTests.swift */,
			);
			path = "Cat NapTests";
			sourceTree = "<group>";
		};
		09621A882AB9CC8900764CC5 /* Cat NapUITests */ = {
			isa = PBXGroup;
			children = (
				09621A892AB9CC8900764CC5 /* Cat_NapUITests.swift */,
				09621A8B2AB9CC8900764CC5 /* Cat_NapUITestsLaunchTests.swift */,
			);
			path = "Cat NapUITests";
			sourceTree = "<group>";
		};
/* End PBXGroup section */

/* Begin PBXNativeTarget section */
		09621A692AB9CC8700764CC5 /* Cat Nap */ = {
			isa = PBXNativeTarget;
			buildConfigurationList = 09621A8F2AB9CC8900764CC5 /* Build configuration list for PBXNativeTarget "Cat Nap" */;
			buildPhases = (
				09621A662AB9CC8700764CC5 /* Sources */,
				09621A672AB9CC8700764CC5 /* Frameworks */,
				09621A682AB9CC8700764CC5 /* Resources */,
			);
			buildRules = (
			);
			dependencies = (
			);
			name = "Cat Nap";
			productName = "Cat Nap";
			productReference = 09621A6A2AB9CC8700764CC5 /* Cat Nap.app */;
			productType = "com.apple.product-type.application";
		};
		09621A7A2AB9CC8900764CC5 /* Cat NapTests */ = {
			isa = PBXNativeTarget;
			buildConfigurationList = 09621A922AB9CC8900764CC5 /* Build configuration list for PBXNativeTarget "Cat NapTests" */;
			buildPhases = (
				09621A772AB9CC8900764CC5 /* Sources */,
				09621A782AB9CC8900764CC5 /* Frameworks */,
				09621A792AB9CC8900764CC5 /* Resources */,
			);
			buildRules = (
			);
			dependencies = (
				09621A7D2AB9CC8900764CC5 /* PBXTargetDependency */,
			);
			name = "Cat NapTests";
			productName = "Cat NapTests";
			productReference = 09621A7B2AB9CC8900764CC5 /* Cat NapTests.xctest */;
			productType = "com.apple.product-type.bundle.unit-test";
		};
		09621A842AB9CC8900764CC5 /* Cat NapUITests */ = {
			isa = PBXNativeTarget;
			buildConfigurationList = 09621A952AB9CC8900764CC5 /* Build configuration list for PBXNativeTarget "Cat NapUITests" */;
			buildPhases = (
				09621A812AB9CC8900764CC5 /* Sources */,
				09621A822AB9CC8900764CC5 /* Frameworks */,
				09621A832AB9CC8900764CC5 /* Resources */,
			);
			buildRules = (
			);
			dependencies = (
				09621A872AB9CC8900764CC5 /* PBXTargetDependency */,
			);
			name = "Cat NapUITests";
			productName = "Cat NapUITests";
			productReference = 09621A852AB9CC8900764CC5 /* Cat NapUITests.xctest */;
			productType = "com.apple.product-type.bundle.ui-testing";
		};
/* End PBXNativeTarget section */

/* Begin PBXProject section */
		09621A622AB9CC8600764CC5 /* Project object */ = {
			isa = PBXProject;
			attributes = {
				BuildIndependentTargetsInParallel = 1;
				LastSwiftUpdateCheck = 1430;
				LastUpgradeCheck = 1430;
				TargetAttributes = {
					09621A692AB9CC8700764CC5 = {
						CreatedOnToolsVersion = 14.3.1;
					};
					09621A7A2AB9CC8900764CC5 = {
						CreatedOnToolsVersion = 14.3.1;
						TestTargetID = 09621A692AB9CC8700764CC5;
					};
					09621A842AB9CC8900764CC5 = {
						CreatedOnToolsVersion = 14.3.1;
						TestTargetID = 09621A692AB9CC8700764CC5;
					};
				};
			};
			buildConfigurationList = 09621A652AB9CC8600764CC5 /* Build configuration list for PBXProject "Cat Nap" */;
			compatibilityVersion = "Xcode 14.0";
			developmentRegion = en;
			hasScannedForEncodings = 0;
			knownRegions = (
				en,
				Base,
			);
			mainGroup = 09621A612AB9CC8600764CC5;
			productRefGroup = 09621A6B2AB9CC8700764CC5 /* Products */;
			projectDirPath = "";
			projectRoot = "";
			targets = (
				09621A692AB9CC8700764CC5 /* Cat Nap */,
				09621A7A2AB9CC8900764CC5 /* Cat NapTests */,
				09621A842AB9CC8900764CC5 /* Cat NapUITests */,
			);
		};
/* End PBXProject section */

/* Begin PBXResourcesBuildPhase section */
		09621A682AB9CC8700764CC5 /* Resources */ = {
			isa = PBXResourcesBuildPhase;
			buildActionMask = 2147483647;
			files = (
				09621A762AB9CC8900764CC5 /* Preview Assets.xcassets in Resources */,
				09621A722AB9CC8900764CC5 /* Assets.xcassets in Resources */,
			);
			runOnlyForDeploymentPostprocessing = 0;
		};
		09621A792AB9CC8900764CC5 /* Resources */ = {
			isa = PBXResourcesBuildPhase;
			buildActionMask = 2147483647;
			files = (
			);
			runOnlyForDeploymentPostprocessing = 0;
		};
		09621A832AB9CC8900764CC5 /* Resources */ = {
			isa = PBXResourcesBuildPhase;
			buildActionMask = 2147483647;
			files = (
			);
			runOnlyForDeploymentPostprocessing = 0;
		};
/* End PBXResourcesBuildPhase section */

/* Begin PBXSourcesBuildPhase section */
		09621A662AB9CC8700764CC5 /* Sources */ = {
			isa = PBXSourcesBuildPhase;
			buildActionMask = 2147483647;
			files = (
				09621A702AB9CC8700764CC5 /* ContentView.swift in Sources */,
				09621A6E2AB9CC8700764CC5 /* Cat_NapApp.swift in Sources */,
			);
			runOnlyForDeploymentPostprocessing = 0;
		};
		09621A772AB9CC8900764CC5 /* Sources */ = {
			isa = PBXSourcesBuildPhase;
			buildActionMask = 2147483647;
			files = (
				09621A802AB9CC8900764CC5 /* Cat_NapTests.swift in Sources */,
			);
			runOnlyForDeploymentPostprocessing = 0;
		};
		09621A812AB9CC8900764CC5 /* Sources */ = {
			isa = PBXSourcesBuildPhase;
			buildActionMask = 2147483647;
			files = (
				09621A8A2AB9CC8900764CC5 /* Cat_NapUITests.swift in Sources */,
				09621A8C2AB9CC8900764CC5 /* Cat_NapUITestsLaunchTests.swift in Sources */,
			);
			runOnlyForDeploymentPostprocessing = 0;
		};
/* End PBXSourcesBuildPhase section */

/* Begin PBXTargetDependency section */
		09621A7D2AB9CC8900764CC5 /* PBXTargetDependency */ = {
			isa = PBXTargetDependency;
			target = 09621A692AB9CC8700764CC5 /* Cat Nap */;
			targetProxy = 09621A7C2AB9CC8900764CC5 /* PBXContainerItemProxy */;
		};
		09621A872AB9CC8900764CC5 /* PBXTargetDependency */ = {
			isa = PBXTargetDependency;
			target = 09621A692AB9CC8700764CC5 /* Cat Nap */;
			targetProxy = 09621A862AB9CC8900764CC5 /* PBXContainerItemProxy */;
		};
/* End PBXTargetDependency section */

/* Begin XCBuildConfiguration section */
		09621A8D2AB9CC8900764CC5 /* Debug */ = {
			isa = XCBuildConfiguration;
			buildSettings = {
				ALWAYS_SEARCH_USER_PATHS = NO;
				CLANG_ANALYZER_NONNULL = YES;
				CLANG_ANALYZER_NUMBER_OBJECT_CONVERSION = YES_AGGRESSIVE;
				CLANG_CXX_LANGUAGE_STANDARD = "gnu++20";
				CLANG_ENABLE_MODULES = YES;
				CLANG_ENABLE_OBJC_ARC = YES;
				CLANG_ENABLE_OBJC_WEAK = YES;
				CLANG_WARN_BLOCK_CAPTURE_AUTORELEASING = YES;
				CLANG_WARN_BOOL_CONVERSION = YES;
				CLANG_WARN_COMMA = YES;
				CLANG_WARN_CONSTANT_CONVERSION = YES;
				CLANG_WARN_DEPRECATED_OBJC_IMPLEMENTATIONS = YES;
				CLANG_WARN_DIRECT_OBJC_ISA_USAGE = YES_ERROR;
				CLANG_WARN_DOCUMENTATION_COMMENTS = YES;
				CLANG_WARN_EMPTY_BODY = YES;
				CLANG_WARN_ENUM_CONVERSION = YES;
				CLANG_WARN_INFINITE_RECURSION = YES;
				CLANG_WARN_INT_CONVERSION = YES;
				CLANG_WARN_NON_LITERAL_NULL_CONVERSION = YES;
				CLANG_WARN_OBJC_IMPLICIT_RETAIN_SELF = YES;
				CLANG_WARN_OBJC_LITERAL_CONVERSION = YES;
				CLANG_WARN_OBJC_ROOT_CLASS = YES_ERROR;
				CLANG_WARN_QUOTED_INCLUDE_IN_FRAMEWORK_HEADER = YES;
				CLANG_WARN_RANGE_LOOP_ANALYSIS = YES;
				CLANG_WARN_STRICT_PROTOTYPES = YES;
				CLANG_WARN_SUSPICIOUS_MOVE = YES;
				CLANG_WARN_UNGUARDED_AVAILABILITY = YES_AGGRESSIVE;
				CLANG_WARN_UNREACHABLE_CODE = YES;
				CLANG_WARN__DUPLICATE_METHOD_MATCH = YES;
				COPY_PHASE_STRIP = NO;
				DEBUG_INFORMATION_FORMAT = dwarf;
				ENABLE_STRICT_OBJC_MSGSEND = YES;
				ENABLE_TESTABILITY = YES;
				GCC_C_LANGUAGE_STANDARD = gnu11;
				GCC_DYNAMIC_NO_PIC = NO;
				GCC_NO_COMMON_BLOCKS = YES;
				GCC_OPTIMIZATION_LEVEL = 0;
				GCC_PREPROCESSOR_DEFINITIONS = (
					"DEBUG=1",
					"$(inherited)",
				);
				GCC_WARN_64_TO_32_BIT_CONVERSION = YES;
				GCC_WARN_ABOUT_RETURN_TYPE = YES_ERROR;
				GCC_WARN_UNDECLARED_SELECTOR = YES;
				GCC_WARN_UNINITIALIZED_AUTOS = YES_AGGRESSIVE;
				GCC_WARN_UNUSED_FUNCTION = YES;
				GCC_WARN_UNUSED_VARIABLE = YES;
				MTL_ENABLE_DEBUG_INFO = INCLUDE_SOURCE;
				MTL_FAST_MATH = YES;
				ONLY_ACTIVE_ARCH = YES;
				SWIFT_ACTIVE_COMPILATION_CONDITIONS = DEBUG;
				SWIFT_OPTIMIZATION_LEVEL = "-Onone";
			};
			name = Debug;
		};
		09621A8E2AB9CC8900764CC5 /* Release */ = {
			isa = XCBuildConfiguration;
			buildSettings = {
				ALWAYS_SEARCH_USER_PATHS = NO;
				CLANG_ANALYZER_NONNULL = YES;
				CLANG_ANALYZER_NUMBER_OBJECT_CONVERSION = YES_AGGRESSIVE;
				CLANG_CXX_LANGUAGE_STANDARD = "gnu++20";
				CLANG_ENABLE_MODULES = YES;
				CLANG_ENABLE_OBJC_ARC = YES;
				CLANG_ENABLE_OBJC_WEAK = YES;
				CLANG_WARN_BLOCK_CAPTURE_AUTORELEASING = YES;
				CLANG_WARN_BOOL_CONVERSION = YES;
				CLANG_WARN_COMMA = YES;
				CLANG_WARN_CONSTANT_CONVERSION = YES;
				CLANG_WARN_DEPRECATED_OBJC_IMPLEMENTATIONS = YES;
				CLANG_WARN_DIRECT_OBJC_ISA_USAGE = YES_ERROR;
				CLANG_WARN_DOCUMENTATION_COMMENTS = YES;
				CLANG_WARN_EMPTY_BODY = YES;
				CLANG_WARN_ENUM_CONVERSION = YES;
				CLANG_WARN_INFINITE_RECURSION = YES;
				CLANG_WARN_INT_CONVERSION = YES;
				CLANG_WARN_NON_LITERAL_NULL_CONVERSION = YES;
				CLANG_WARN_OBJC_IMPLICIT_RETAIN_SELF = YES;
				CLANG_WARN_OBJC_LITERAL_CONVERSION = YES;
				CLANG_WARN_OBJC_ROOT_CLASS = YES_ERROR;
				CLANG_WARN_QUOTED_INCLUDE_IN_FRAMEWORK_HEADER = YES;
				CLANG_WARN_RANGE_LOOP_ANALYSIS = YES;
				CLANG_WARN_STRICT_PROTOTYPES = YES;
				CLANG_WARN_SUSPICIOUS_MOVE = YES;
				CLANG_WARN_UNGUARDED_AVAILABILITY = YES_AGGRESSIVE;
				CLANG_WARN_UNREACHABLE_CODE = YES;
				CLANG_WARN__DUPLICATE_METHOD_MATCH = YES;
				COPY_PHASE_STRIP = NO;
				DEBUG_INFORMATION_FORMAT = "dwarf-with-dsym";
				ENABLE_NS_ASSERTIONS = NO;
				ENABLE_STRICT_OBJC_MSGSEND = YES;
				GCC_C_LANGUAGE_STANDARD = gnu11;
				GCC_NO_COMMON_BLOCKS = YES;
				GCC_WARN_64_TO_32_BIT_CONVERSION = YES;
				GCC_WARN_ABOUT_RETURN_TYPE = YES_ERROR;
				GCC_WARN_UNDECLARED_SELECTOR = YES;
				GCC_WARN_UNINITIALIZED_AUTOS = YES_AGGRESSIVE;
				GCC_WARN_UNUSED_FUNCTION = YES;
				GCC_WARN_UNUSED_VARIABLE = YES;
				MTL_ENABLE_DEBUG_INFO = NO;
				MTL_FAST_MATH = YES;
				SWIFT_COMPILATION_MODE = wholemodule;
				SWIFT_OPTIMIZATION_LEVEL = "-O";
			};
			name = Release;
		};
		09621A902AB9CC8900764CC5 /* Debug */ = {
			isa = XCBuildConfiguration;
			buildSettings = {
				ASSETCATALOG_COMPILER_APPICON_NAME = AppIcon;
				ASSETCATALOG_COMPILER_GLOBAL_ACCENT_COLOR_NAME = AccentColor;
				CODE_SIGN_ENTITLEMENTS = "Cat Nap/Cat_Nap.entitlements";
				CODE_SIGN_STYLE = Automatic;
				CURRENT_PROJECT_VERSION = 1;
				DEVELOPMENT_ASSET_PATHS = "\"Cat Nap/Preview Content\"";
				ENABLE_PREVIEWS = YES;
				GENERATE_INFOPLIST_FILE = YES;
				"INFOPLIST_KEY_UIApplicationSceneManifest_Generation[sdk=iphoneos*]" = YES;
				"INFOPLIST_KEY_UIApplicationSceneManifest_Generation[sdk=iphonesimulator*]" = YES;
				"INFOPLIST_KEY_UIApplicationSupportsIndirectInputEvents[sdk=iphoneos*]" = YES;
				"INFOPLIST_KEY_UIApplicationSupportsIndirectInputEvents[sdk=iphonesimulator*]" = YES;
				"INFOPLIST_KEY_UILaunchScreen_Generation[sdk=iphoneos*]" = YES;
				"INFOPLIST_KEY_UILaunchScreen_Generation[sdk=iphonesimulator*]" = YES;
				"INFOPLIST_KEY_UIStatusBarStyle[sdk=iphoneos*]" = UIStatusBarStyleDefault;
				"INFOPLIST_KEY_UIStatusBarStyle[sdk=iphonesimulator*]" = UIStatusBarStyleDefault;
				INFOPLIST_KEY_UISupportedInterfaceOrientations_iPad = "UIInterfaceOrientationPortrait UIInterfaceOrientationPortraitUpsideDown UIInterfaceOrientationLandscapeLeft UIInterfaceOrientationLandscapeRight";
				INFOPLIST_KEY_UISupportedInterfaceOrientations_iPhone = "UIInterfaceOrientationPortrait UIInterfaceOrientationLandscapeLeft UIInterfaceOrientationLandscapeRight";
				IPHONEOS_DEPLOYMENT_TARGET = 16.4;
				LD_RUNPATH_SEARCH_PATHS = "@executable_path/Frameworks";
				"LD_RUNPATH_SEARCH_PATHS[sdk=macosx*]" = "@executable_path/../Frameworks";
				MACOSX_DEPLOYMENT_TARGET = 13.0;
				MARKETING_VERSION = 1.0;
				PRODUCT_BUNDLE_IDENTIFIER = "com.ryanvanbelkum.Cat-Nap";
				PRODUCT_NAME = "$(TARGET_NAME)";
				SDKROOT = auto;
				SUPPORTED_PLATFORMS = "iphoneos iphonesimulator macosx";
				SWIFT_EMIT_LOC_STRINGS = YES;
				SWIFT_VERSION = 5.0;
				TARGETED_DEVICE_FAMILY = "1,2";
			};
			name = Debug;
		};
		09621A912AB9CC8900764CC5 /* Release */ = {
			isa = XCBuildConfiguration;
			buildSettings = {
				ASSETCATALOG_COMPILER_APPICON_NAME = AppIcon;
				ASSETCATALOG_COMPILER_GLOBAL_ACCENT_COLOR_NAME = AccentColor;
				CODE_SIGN_ENTITLEMENTS = "Cat Nap/Cat_Nap.entitlements";
				CODE_SIGN_STYLE = Automatic;
				CURRENT_PROJECT_VERSION = 1;
				DEVELOPMENT_ASSET_PATHS = "\"Cat Nap/Preview Content\"";
				ENABLE_PREVIEWS = YES;
				GENERATE_INFOPLIST_FILE = YES;
				"INFOPLIST_KEY_UIApplicationSceneManifest_Generation[sdk=iphoneos*]" = YES;
				"INFOPLIST_KEY_UIApplicationSceneManifest_Generation[sdk=iphonesimulator*]" = YES;
				"INFOPLIST_KEY_UIApplicationSupportsIndirectInputEvents[sdk=iphoneos*]" = YES;
				"INFOPLIST_KEY_UIApplicationSupportsIndirectInputEvents[sdk=iphonesimulator*]" = YES;
				"INFOPLIST_KEY_UILaunchScreen_Generation[sdk=iphoneos*]" = YES;
				"INFOPLIST_KEY_UILaunchScreen_Generation[sdk=iphonesimulator*]" = YES;
				"INFOPLIST_KEY_UIStatusBarStyle[sdk=iphoneos*]" = UIStatusBarStyleDefault;
				"INFOPLIST_KEY_UIStatusBarStyle[sdk=iphonesimulator*]" = UIStatusBarStyleDefault;
				INFOPLIST_KEY_UISupportedInterfaceOrientations_iPad = "UIInterfaceOrientationPortrait UIInterfaceOrientationPortraitUpsideDown UIInterfaceOrientationLandscapeLeft UIInterfaceOrientationLandscapeRight";
				INFOPLIST_KEY_UISupportedInterfaceOrientations_iPhone = "UIInterfaceOrientationPortrait UIInterfaceOrientationLandscapeLeft UIInterfaceOrientationLandscapeRight";
				IPHONEOS_DEPLOYMENT_TARGET = 16.4;
				LD_RUNPATH_SEARCH_PATHS = "@executable_path/Frameworks";
				"LD_RUNPATH_SEARCH_PATHS[sdk=macosx*]" = "@executable_path/../Frameworks";
				MACOSX_DEPLOYMENT_TARGET = 13.0;
				MARKETING_VERSION = 1.0;
				PRODUCT_BUNDLE_IDENTIFIER = "com.ryanvanbelkum.Cat-Nap";
				PRODUCT_NAME = "$(TARGET_NAME)";
				SDKROOT = auto;
				SUPPORTED_PLATFORMS = "iphoneos iphonesimulator macosx";
				SWIFT_EMIT_LOC_STRINGS = YES;
				SWIFT_VERSION = 5.0;
				TARGETED_DEVICE_FAMILY = "1,2";
			};
			name = Release;
		};
		09621A932AB9CC8900764CC5 /* Debug */ = {
			isa = XCBuildConfiguration;
			buildSettings = {
				ALWAYS_EMBED_SWIFT_STANDARD_LIBRARIES = YES;
				BUNDLE_LOADER = "$(TEST_HOST)";
				CODE_SIGN_STYLE = Automatic;
				CURRENT_PROJECT_VERSION = 1;
				GENERATE_INFOPLIST_FILE = YES;
				IPHONEOS_DEPLOYMENT_TARGET = 16.4;
				MACOSX_DEPLOYMENT_TARGET = 13.0;
				MARKETING_VERSION = 1.0;
				PRODUCT_BUNDLE_IDENTIFIER = "com.ryanvanbelkum.Cat-NapTests";
				PRODUCT_NAME = "$(TARGET_NAME)";
				SDKROOT = auto;
				SUPPORTED_PLATFORMS = "iphoneos iphonesimulator macosx";
				SWIFT_EMIT_LOC_STRINGS = NO;
				SWIFT_VERSION = 5.0;
				TARGETED_DEVICE_FAMILY = "1,2";
				TEST_HOST = "$(BUILT_PRODUCTS_DIR)/Cat Nap.app/$(BUNDLE_EXECUTABLE_FOLDER_PATH)/Cat Nap";
			};
			name = Debug;
		};
		09621A942AB9CC8900764CC5 /* Release */ = {
			isa = XCBuildConfiguration;
			buildSettings = {
				ALWAYS_EMBED_SWIFT_STANDARD_LIBRARIES = YES;
				BUNDLE_LOADER = "$(TEST_HOST)";
				CODE_SIGN_STYLE = Automatic;
				CURRENT_PROJECT_VERSION = 1;
				GENERATE_INFOPLIST_FILE = YES;
				IPHONEOS_DEPLOYMENT_TARGET = 16.4;
				MACOSX_DEPLOYMENT_TARGET = 13.0;
				MARKETING_VERSION = 1.0;
				PRODUCT_BUNDLE_IDENTIFIER = "com.ryanvanbelkum.Cat-NapTests";
				PRODUCT_NAME = "$(TARGET_NAME)";
				SDKROOT = auto;
				SUPPORTED_PLATFORMS = "iphoneos iphonesimulator macosx";
				SWIFT_EMIT_LOC_STRINGS = NO;
				SWIFT_VERSION = 5.0;
				TARGETED_DEVICE_FAMILY = "1,2";
				TEST_HOST = "$(BUILT_PRODUCTS_DIR)/Cat Nap.app/$(BUNDLE_EXECUTABLE_FOLDER_PATH)/Cat Nap";
			};
			name = Release;
		};
		09621A962AB9CC8900764CC5 /* Debug */ = {
			isa = XCBuildConfiguration;
			buildSettings = {
				ALWAYS_EMBED_SWIFT_STANDARD_LIBRARIES = YES;
				CODE_SIGN_STYLE = Automatic;
				CURRENT_PROJECT_VERSION = 1;
				GENERATE_INFOPLIST_FILE = YES;
				IPHONEOS_DEPLOYMENT_TARGET = 16.4;
				MACOSX_DEPLOYMENT_TARGET = 13.0;
				MARKETING_VERSION = 1.0;
				PRODUCT_BUNDLE_IDENTIFIER = "com.ryanvanbelkum.Cat-NapUITests";
				PRODUCT_NAME = "$(TARGET_NAME)";
				SDKROOT = auto;
				SUPPORTED_PLATFORMS = "iphoneos iphonesimulator macosx";
				SWIFT_EMIT_LOC_STRINGS = NO;
				SWIFT_VERSION = 5.0;
				TARGETED_DEVICE_FAMILY = "1,2";
				TEST_TARGET_NAME = "Cat Nap";
			};
			name = Debug;
		};
		09621A972AB9CC8900764CC5 /* Release */ = {
			isa = XCBuildConfiguration;
			buildSettings = {
				ALWAYS_EMBED_SWIFT_STANDARD_LIBRARIES = YES;
				CODE_SIGN_STYLE = Automatic;
				CURRENT_PROJECT_VERSION = 1;
				GENERATE_INFOPLIST_FILE = YES;
				IPHONEOS_DEPLOYMENT_TARGET = 16.4;
				MACOSX_DEPLOYMENT_TARGET = 13.0;
				MARKETING_VERSION = 1.0;
				PRODUCT_BUNDLE_IDENTIFIER = "com.ryanvanbelkum.Cat-NapUITests";
				PRODUCT_NAME = "$(TARGET_NAME)";
				SDKROOT = auto;
				SUPPORTED_PLATFORMS = "iphoneos iphonesimulator macosx";
				SWIFT_EMIT_LOC_STRINGS = NO;
				SWIFT_VERSION = 5.0;
				TARGETED_DEVICE_FAMILY = "1,2";
				TEST_TARGET_NAME = "Cat Nap";
			};
			name = Release;
		};
/* End XCBuildConfiguration section */

/* Begin XCConfigurationList section */
		09621A652AB9CC8600764CC5 /* Build configuration list for PBXProject "Cat Nap" */ = {
			isa = XCConfigurationList;
			buildConfigurations = (
				09621A8D2AB9CC8900764CC5 /* Debug */,
				09621A8E2AB9CC8900764CC5 /* Release */,
			);
			defaultConfigurationIsVisible = 0;
			defaultConfigurationName = Release;
		};
		09621A8F2AB9CC8900764CC5 /* Build configuration list for PBXNativeTarget "Cat Nap" */ = {
			isa = XCConfigurationList;
			buildConfigurations = (
				09621A902AB9CC8900764CC5 /* Debug */,
				09621A912AB9CC8900764CC5 /* Release */,
			);
			defaultConfigurationIsVisible = 0;
			defaultConfigurationName = Release;
		};
		09621A922AB9CC8900764CC5 /* Build configuration list for PBXNativeTarget "Cat NapTests" */ = {
			isa = XCConfigurationList;
			buildConfigurations = (
				09621A932AB9CC8900764CC5 /* Debug */,
				09621A942AB9CC8900764CC5 /* Release */,
			);
			defaultConfigurationIsVisible = 0;
			defaultConfigurationName = Release;
		};
		09621A952AB9CC8900764CC5 /* Build configuration list for PBXNativeTarget "Cat NapUITests" */ = {
			isa = XCConfigurationList;
			buildConfigurations = (
				09621A962AB9CC8900764CC5 /* Debug */,
				09621A972AB9CC8900764CC5 /* Release */,
			);
			defaultConfigurationIsVisible = 0;
			defaultConfigurationName = Release;
		};
/* End XCConfigurationList section */
	};
	rootObject = 09621A622AB9CC8600764CC5 /* Project object */;
}
